// !$*UTF8*$!
{
	archiveVersion = 1;
	classes = {
	};
	objectVersion = 48;
	objects = {

/* Begin PBXBuildFile section */
		80189C831FABFA030079720B /* GLUT.framework in Frameworks */ = {isa = PBXBuildFile; fileRef = 80189C821FABF9FB0079720B /* GLUT.framework */; };
		80AC03901FABED7F00ED342F /* main.cpp in Sources */ = {isa = PBXBuildFile; fileRef = 80AC038F1FABED7F00ED342F /* main.cpp */; };
		80AC03991FABEE2600ED342F /* Cocoa.framework in Frameworks */ = {isa = PBXBuildFile; fileRef = 80AC03971FABEDC300ED342F /* Cocoa.framework */; };
		80AC039A1FABEE2D00ED342F /* OpenGL.framework in Frameworks */ = {isa = PBXBuildFile; fileRef = 80AC03981FABEDD800ED342F /* OpenGL.framework */; };
		80AC039C1FABEE6600ED342F /* libglfw.3.dylib in Frameworks */ = {isa = PBXBuildFile; fileRef = 80AC039B1FABEE6600ED342F /* libglfw.3.dylib */; };
/* End PBXBuildFile section */

/* Begin PBXCopyFilesBuildPhase section */
		80AC038A1FABED7F00ED342F /* CopyFiles */ = {
			isa = PBXCopyFilesBuildPhase;
			buildActionMask = 2147483647;
			dstPath = /usr/share/man/man1/;
			dstSubfolderSpec = 0;
			files = (
			);
			runOnlyForDeploymentPostprocessing = 1;
		};
/* End PBXCopyFilesBuildPhase section */

/* Begin PBXFileReference section */
		80189C821FABF9FB0079720B /* GLUT.framework */ = {isa = PBXFileReference; lastKnownFileType = wrapper.framework; name = GLUT.framework; path = System/Library/Frameworks/GLUT.framework; sourceTree = SDKROOT; };
		80AC038C1FABED7F00ED342F /* Assignment2_Nov_2 */ = {isa = PBXFileReference; explicitFileType = "compiled.mach-o.executable"; includeInIndex = 0; path = Assignment2_Nov_2; sourceTree = BUILT_PRODUCTS_DIR; };
		80AC038F1FABED7F00ED342F /* main.cpp */ = {isa = PBXFileReference; lastKnownFileType = sourcecode.cpp.cpp; path = main.cpp; sourceTree = "<group>"; };
		80AC03971FABEDC300ED342F /* Cocoa.framework */ = {isa = PBXFileReference; lastKnownFileType = wrapper.framework; name = Cocoa.framework; path = System/Library/Frameworks/Cocoa.framework; sourceTree = SDKROOT; };
		80AC03981FABEDD800ED342F /* OpenGL.framework */ = {isa = PBXFileReference; lastKnownFileType = wrapper.framework; name = OpenGL.framework; path = System/Library/Frameworks/OpenGL.framework; sourceTree = SDKROOT; };
		80AC039B1FABEE6600ED342F /* libglfw.3.dylib */ = {isa = PBXFileReference; lastKnownFileType = "compiled.mach-o.dylib"; name = libglfw.3.dylib; path = ../../../../../../usr/local/lib/libglfw.3.dylib; sourceTree = "<group>"; };
/* End PBXFileReference section */

/* Begin PBXFrameworksBuildPhase section */
		80AC03891FABED7F00ED342F /* Frameworks */ = {
			isa = PBXFrameworksBuildPhase;
			buildActionMask = 2147483647;
			files = (
				80189C831FABFA030079720B /* GLUT.framework in Frameworks */,
				80AC039C1FABEE6600ED342F /* libglfw.3.dylib in Frameworks */,
				80AC039A1FABEE2D00ED342F /* OpenGL.framework in Frameworks */,
				80AC03991FABEE2600ED342F /* Cocoa.framework in Frameworks */,
			);
			runOnlyForDeploymentPostprocessing = 0;
		};
/* End PBXFrameworksBuildPhase section */

/* Begin PBXGroup section */
		80AC03831FABED7F00ED342F = {
			isa = PBXGroup;
			children = (
				80AC038E1FABED7F00ED342F /* Assignment2_Nov_2 */,
				80AC038D1FABED7F00ED342F /* Products */,
				80AC03961FABEDC300ED342F /* Frameworks */,
			);
			sourceTree = "<group>";
		};
		80AC038D1FABED7F00ED342F /* Products */ = {
			isa = PBXGroup;
			children = (
				80AC038C1FABED7F00ED342F /* Assignment2_Nov_2 */,
			);
			name = Products;
			sourceTree = "<group>";
		};
		80AC038E1FABED7F00ED342F /* Assignment2_Nov_2 */ = {
			isa = PBXGroup;
			children = (
				80AC038F1FABED7F00ED342F /* main.cpp */,
			);
			path = Assignment2_Nov_2;
			sourceTree = "<group>";
		};
		80AC03961FABEDC300ED342F /* Frameworks */ = {
			isa = PBXGroup;
			children = (
				80189C821FABF9FB0079720B /* GLUT.framework */,
				80AC039B1FABEE6600ED342F /* libglfw.3.dylib */,
				80AC03981FABEDD800ED342F /* OpenGL.framework */,
				80AC03971FABEDC300ED342F /* Cocoa.framework */,
			);
			name = Frameworks;
			sourceTree = "<group>";
		};
/* End PBXGroup section */

/* Begin PBXNativeTarget section */
		80AC038B1FABED7F00ED342F /* Assignment2_Nov_2 */ = {
			isa = PBXNativeTarget;
			buildConfigurationList = 80AC03931FABED7F00ED342F /* Build configuration list for PBXNativeTarget "Assignment2_Nov_2" */;
			buildPhases = (
				80AC03881FABED7F00ED342F /* Sources */,
				80AC03891FABED7F00ED342F /* Frameworks */,
				80AC038A1FABED7F00ED342F /* CopyFiles */,
			);
			buildRules = (
			);
			dependencies = (
			);
			name = Assignment2_Nov_2;
			productName = Assignment2_Nov_2;
			productReference = 80AC038C1FABED7F00ED342F /* Assignment2_Nov_2 */;
			productType = "com.apple.product-type.tool";
		};
/* End PBXNativeTarget section */

/* Begin PBXProject section */
		80AC03841FABED7F00ED342F /* Project object */ = {
			isa = PBXProject;
			attributes = {
				LastUpgradeCheck = 0900;
				ORGANIZATIONNAME = "Jingnong Wang";
				TargetAttributes = {
					80AC038B1FABED7F00ED342F = {
						CreatedOnToolsVersion = 9.0.1;
						ProvisioningStyle = Automatic;
					};
				};
			};
			buildConfigurationList = 80AC03871FABED7F00ED342F /* Build configuration list for PBXProject "Assignment2_Nov_2" */;
			compatibilityVersion = "Xcode 8.0";
			developmentRegion = en;
			hasScannedForEncodings = 0;
			knownRegions = (
				en,
			);
			mainGroup = 80AC03831FABED7F00ED342F;
			productRefGroup = 80AC038D1FABED7F00ED342F /* Products */;
			projectDirPath = "";
			projectRoot = "";
			targets = (
				80AC038B1FABED7F00ED342F /* Assignment2_Nov_2 */,
			);
		};
/* End PBXProject section */

/* Begin PBXSourcesBuildPhase section */
		80AC03881FABED7F00ED342F /* Sources */ = {
			isa = PBXSourcesBuildPhase;
			buildActionMask = 2147483647;
			files = (
				80AC03901FABED7F00ED342F /* main.cpp in Sources */,
			);
			runOnlyForDeploymentPostprocessing = 0;
		};
/* End PBXSourcesBuildPhase section */

/* Begin XCBuildConfiguration section */
		80AC03911FABED7F00ED342F /* Debug */ = {
			isa = XCBuildConfiguration;
			buildSettings = {
				ALWAYS_SEARCH_USER_PATHS = NO;
				CLANG_ANALYZER_NONNULL = YES;
				CLANG_ANALYZER_NUMBER_OBJECT_CONVERSION = YES_AGGRESSIVE;
				CLANG_CXX_LANGUAGE_STANDARD = "gnu++14";
				CLANG_CXX_LIBRARY = "libc++";
				CLANG_ENABLE_MODULES = YES;
				CLANG_ENABLE_OBJC_ARC = YES;
				CLANG_WARN_BLOCK_CAPTURE_AUTORELEASING = YES;
				CLANG_WARN_BOOL_CONVERSION = YES;
				CLANG_WARN_COMMA = YES;
				CLANG_WARN_CONSTANT_CONVERSION = YES;
				CLANG_WARN_DIRECT_OBJC_ISA_USAGE = YES_ERROR;
				CLANG_WARN_DOCUMENTATION_COMMENTS = YES;
				CLANG_WARN_EMPTY_BODY = YES;
				CLANG_WARN_ENUM_CONVERSION = YES;
				CLANG_WARN_INFINITE_RECURSION = YES;
				CLANG_WARN_INT_CONVERSION = YES;
				CLANG_WARN_NON_LITERAL_NULL_CONVERSION = YES;
				CLANG_WARN_OBJC_LITERAL_CONVERSION = YES;
				CLANG_WARN_OBJC_ROOT_CLASS = YES_ERROR;
				CLANG_WARN_RANGE_LOOP_ANALYSIS = YES;
				CLANG_WARN_STRICT_PROTOTYPES = YES;
				CLANG_WARN_SUSPICIOUS_MOVE = YES;
				CLANG_WARN_UNGUARDED_AVAILABILITY = YES_AGGRESSIVE;
				CLANG_WARN_UNREACHABLE_CODE = YES;
				CLANG_WARN__DUPLICATE_METHOD_MATCH = YES;
				CODE_SIGN_IDENTITY = "-";
				COPY_PHASE_STRIP = NO;
				DEBUG_INFORMATION_FORMAT = dwarf;
				ENABLE_STRICT_OBJC_MSGSEND = YES;
				ENABLE_TESTABILITY = YES;
				GCC_C_LANGUAGE_STANDARD = gnu11;
				GCC_DYNAMIC_NO_PIC = NO;
				GCC_NO_COMMON_BLOCKS = YES;
				GCC_OPTIMIZATION_LEVEL = 0;
				GCC_PREPROCESSOR_DEFINITIONS = (
					"DEBUG=1",
					"$(inherited)",
				);
				GCC_WARN_64_TO_32_BIT_CONVERSION = YES;
				GCC_WARN_ABOUT_RETURN_TYPE = YES_ERROR;
				GCC_WARN_UNDECLARED_SELECTOR = YES;
				GCC_WARN_UNINITIALIZED_AUTOS = YES_AGGRESSIVE;
				GCC_WARN_UNUSED_FUNCTION = YES;
				GCC_WARN_UNUSED_VARIABLE = YES;
				MACOSX_DEPLOYMENT_TARGET = 10.13;
				MTL_ENABLE_DEBUG_INFO = YES;
				ONLY_ACTIVE_ARCH = YES;
				SDKROOT = macosx;
			};
			name = Debug;
		};
		80AC03921FABED7F00ED342F /* Release */ = {
			isa = XCBuildConfiguration;
			buildSettings = {
				ALWAYS_SEARCH_USER_PATHS = NO;
				CLANG_ANALYZER_NONNULL = YES;
				CLANG_ANALYZER_NUMBER_OBJECT_CONVERSION = YES_AGGRESSIVE;
				CLANG_CXX_LANGUAGE_STANDARD = "gnu++14";
				CLANG_CXX_LIBRARY = "libc++";
				CLANG_ENABLE_MODULES = YES;
				CLANG_ENABLE_OBJC_ARC = YES;
				CLANG_WARN_BLOCK_CAPTURE_AUTORELEASING = YES;
				CLANG_WARN_BOOL_CONVERSION = YES;
				CLANG_WARN_COMMA = YES;
				CLANG_WARN_CONSTANT_CONVERSION = YES;
				CLANG_WARN_DIRECT_OBJC_ISA_USAGE = YES_ERROR;
				CLANG_WARN_DOCUMENTATION_COMMENTS = YES;
				CLANG_WARN_EMPTY_BODY = YES;
				CLANG_WARN_ENUM_CONVERSION = YES;
				CLANG_WARN_INFINITE_RECURSION = YES;
				CLANG_WARN_INT_CONVERSION = YES;
				CLANG_WARN_NON_LITERAL_NULL_CONVERSION = YES;
				CLANG_WARN_OBJC_LITERAL_CONVERSION = YES;
				CLANG_WARN_OBJC_ROOT_CLASS = YES_ERROR;
				CLANG_WARN_RANGE_LOOP_ANALYSIS = YES;
				CLANG_WARN_STRICT_PROTOTYPES = YES;
				CLANG_WARN_SUSPICIOUS_MOVE = YES;
				CLANG_WARN_UNGUARDED_AVAILABILITY = YES_AGGRESSIVE;
				CLANG_WARN_UNREACHABLE_CODE = YES;
				CLANG_WARN__DUPLICATE_METHOD_MATCH = YES;
				CODE_SIGN_IDENTITY = "-";
				COPY_PHASE_STRIP = NO;
				DEBUG_INFORMATION_FORMAT = "dwarf-with-dsym";
				ENABLE_NS_ASSERTIONS = NO;
				ENABLE_STRICT_OBJC_MSGSEND = YES;
				GCC_C_LANGUAGE_STANDARD = gnu11;
				GCC_NO_COMMON_BLOCKS = YES;
				GCC_WARN_64_TO_32_BIT_CONVERSION = YES;
				GCC_WARN_ABOUT_RETURN_TYPE = YES_ERROR;
				GCC_WARN_UNDECLARED_SELECTOR = YES;
				GCC_WARN_UNINITIALIZED_AUTOS = YES_AGGRESSIVE;
				GCC_WARN_UNUSED_FUNCTION = YES;
				GCC_WARN_UNUSED_VARIABLE = YES;
				MACOSX_DEPLOYMENT_TARGET = 10.13;
				MTL_ENABLE_DEBUG_INFO = NO;
				SDKROOT = macosx;
			};
			name = Release;
		};
		80AC03941FABED7F00ED342F /* Debug */ = {
			isa = XCBuildConfiguration;
			buildSettings = {
				CODE_SIGN_STYLE = Automatic;
				HEADER_SEARCH_PATHS = /usr/local/include;
				LIBRARY_SEARCH_PATHS = /usr/local/lib;
				PRODUCT_NAME = "$(TARGET_NAME)";
			};
			name = Debug;
		};
		80AC03951FABED7F00ED342F /* Release */ = {
			isa = XCBuildConfiguration;
			buildSettings = {
				CODE_SIGN_STYLE = Automatic;
				HEADER_SEARCH_PATHS = /usr/local/include;
				LIBRARY_SEARCH_PATHS = /usr/local/lib;
				PRODUCT_NAME = "$(TARGET_NAME)";
			};
			name = Release;
		};
/* End XCBuildConfiguration section */

/* Begin XCConfigurationList section */
		80AC03871FABED7F00ED342F /* Build configuration list for PBXProject "Assignment2_Nov_2" */ = {
			isa = XCConfigurationList;
			buildConfigurations = (
				80AC03911FABED7F00ED342F /* Debug */,
				80AC03921FABED7F00ED342F /* Release */,
			);
			defaultConfigurationIsVisible = 0;
			defaultConfigurationName = Release;
		};
		80AC03931FABED7F00ED342F /* Build configuration list for PBXNativeTarget "Assignment2_Nov_2" */ = {
			isa = XCConfigurationList;
			buildConfigurations = (
				80AC03941FABED7F00ED342F /* Debug */,
				80AC03951FABED7F00ED342F /* Release */,
			);
			defaultConfigurationIsVisible = 0;
			defaultConfigurationName = Release;
		};
/* End XCConfigurationList section */
	};
	rootObject = 80AC03841FABED7F00ED342F /* Project object */;
}
